
Microsoft Visual Studio Solution File, Format Version 12.00
# Visual Studio 15
VisualStudioVersion = 15.0.27428.2037
MinimumVisualStudioVersion = 10.0.40219.1
Project("{888888A0-9F3D-457C-B088-3A5042F75D52}") = "vsBadGuyGame", "vsBadGuyGame\vsBadGuyGame.pyproj", "{0B5161DA-B8B4-4A14-BAD2-2E848EE9E665}"
EndProject
Global
	GlobalSection(SolutionConfigurationPlatforms) = preSolution
		Debug|Any CPU = Debug|Any CPU
		Release|Any CPU = Release|Any CPU
	EndGlobalSection
	GlobalSection(ProjectConfigurationPlatforms) = postSolution
		{0B5161DA-B8B4-4A14-BAD2-2E848EE9E665}.Debug|Any CPU.ActiveCfg = Debug|Any CPU
		{0B5161DA-B8B4-4A14-BAD2-2E848EE9E665}.Release|Any CPU.ActiveCfg = Release|Any CPU
	EndGlobalSection
	GlobalSection(SolutionProperties) = preSolution
		HideSolutionNode = FALSE
	EndGlobalSection
	GlobalSection(ExtensibilityGlobals) = postSolution
		SolutionGuid = {EF3F5E84-7FB7-471A-BE3D-AEA4834F9B24}
	EndGlobalSection
EndGlobal
